
Microsoft Visual Studio Solution File, Format Version 12.00
# Visual Studio Version 17
VisualStudioVersion = 17.10.34916.146
MinimumVisualStudioVersion = 10.0.40219.1
Project("{888888A0-9F3D-457C-B088-3A5042F75D52}") = "Plan_Server", "Plan_Server\Plan_Server.pyproj", "{7A4422CC-3CF4-43D3-81A8-B9E1BF1597E7}"
EndProject
Project("{2150E333-8FDC-42A3-9474-1A3956D46DE8}") = "Solution Items", "Solution Items", "{D8A7B2BD-A012-4D55-941A-21E47041E78A}"
	ProjectSection(SolutionItems) = preProject
		readme.md = readme.md
	EndProjectSection
EndProject
Project("{FAE04EC0-301F-11D3-BF4B-00C04F79EFBC}") = "Plan_Client", "Plan_Client\Plan_Client.csproj", "{285903E1-5DC0-4211-A5CC-FA5013BAA244}"
EndProject
Global
	GlobalSection(SolutionConfigurationPlatforms) = preSolution
		Debug|Any CPU = Debug|Any CPU
		Release|Any CPU = Release|Any CPU
	EndGlobalSection
	GlobalSection(ProjectConfigurationPlatforms) = postSolution
		{7A4422CC-3CF4-43D3-81A8-B9E1BF1597E7}.Debug|Any CPU.ActiveCfg = Debug|Any CPU
		{7A4422CC-3CF4-43D3-81A8-B9E1BF1597E7}.Release|Any CPU.ActiveCfg = Release|Any CPU
		{285903E1-5DC0-4211-A5CC-FA5013BAA244}.Debug|Any CPU.ActiveCfg = Debug|Any CPU
		{285903E1-5DC0-4211-A5CC-FA5013BAA244}.Debug|Any CPU.Build.0 = Debug|Any CPU
		{285903E1-5DC0-4211-A5CC-FA5013BAA244}.Release|Any CPU.ActiveCfg = Release|Any CPU
		{285903E1-5DC0-4211-A5CC-FA5013BAA244}.Release|Any CPU.Build.0 = Release|Any CPU
	EndGlobalSection
	GlobalSection(SolutionProperties) = preSolution
		HideSolutionNode = FALSE
	EndGlobalSection
	GlobalSection(ExtensibilityGlobals) = postSolution
		SolutionGuid = {3ECCE6A1-B83A-4466-B3C4-CE2333EF9222}
	EndGlobalSection
EndGlobal
